
Microsoft Visual Studio Solution File, Format Version 12.00
# Visual Studio Version 16
VisualStudioVersion = 16.0.29519.87
MinimumVisualStudioVersion = 10.0.40219.1
Project("{FAE04EC0-301F-11D3-BF4B-00C04F79EFBC}") = "Deadlock", "Deadlock\Deadlock.csproj", "{8FB55157-B80E-441E-B36B-40CBBFC81434}"
EndProject
Global
	GlobalSection(SolutionConfigurationPlatforms) = preSolution
		Debug|Any CPU = Debug|Any CPU
		Release|Any CPU = Release|Any CPU
	EndGlobalSection
	GlobalSection(ProjectConfigurationPlatforms) = postSolution
		{8FB55157-B80E-441E-B36B-40CBBFC81434}.Debug|Any CPU.ActiveCfg = Debug|Any CPU
		{8FB55157-B80E-441E-B36B-40CBBFC81434}.Debug|Any CPU.Build.0 = Debug|Any CPU
		{8FB55157-B80E-441E-B36B-40CBBFC81434}.Release|Any CPU.ActiveCfg = Release|Any CPU
		{8FB55157-B80E-441E-B36B-40CBBFC81434}.Release|Any CPU.Build.0 = Release|Any CPU
	EndGlobalSection
	GlobalSection(SolutionProperties) = preSolution
		HideSolutionNode = FALSE
	EndGlobalSection
	GlobalSection(ExtensibilityGlobals) = postSolution
		SolutionGuid = {86A08988-06A5-4F3B-A318-632EBC8623E9}
	EndGlobalSection
EndGlobal
