
Microsoft Visual Studio Solution File, Format Version 12.00
# Visual Studio Version 16
VisualStudioVersion = 16.0.30011.22
MinimumVisualStudioVersion = 10.0.40219.1
Project("{8BC9CEB8-8B4A-11D0-8D11-00A0C91BC942}") = "MPI", "MPI\MPI.vcxproj", "{B12202A5-5C67-4D0F-980C-A0C16E870AD7}"
EndProject
Global
	GlobalSection(SolutionConfigurationPlatforms) = preSolution
		Debug|x64 = Debug|x64
		Debug|x86 = Debug|x86
		Release|x64 = Release|x64
		Release|x86 = Release|x86
	EndGlobalSection
	GlobalSection(ProjectConfigurationPlatforms) = postSolution
		{B12202A5-5C67-4D0F-980C-A0C16E870AD7}.Debug|x64.ActiveCfg = Debug|x64
		{B12202A5-5C67-4D0F-980C-A0C16E870AD7}.Debug|x64.Build.0 = Debug|x64
		{B12202A5-5C67-4D0F-980C-A0C16E870AD7}.Debug|x86.ActiveCfg = Debug|Win32
		{B12202A5-5C67-4D0F-980C-A0C16E870AD7}.Debug|x86.Build.0 = Debug|Win32
		{B12202A5-5C67-4D0F-980C-A0C16E870AD7}.Release|x64.ActiveCfg = Release|x64
		{B12202A5-5C67-4D0F-980C-A0C16E870AD7}.Release|x64.Build.0 = Release|x64
		{B12202A5-5C67-4D0F-980C-A0C16E870AD7}.Release|x86.ActiveCfg = Release|Win32
		{B12202A5-5C67-4D0F-980C-A0C16E870AD7}.Release|x86.Build.0 = Release|Win32
	EndGlobalSection
	GlobalSection(SolutionProperties) = preSolution
		HideSolutionNode = FALSE
	EndGlobalSection
	GlobalSection(ExtensibilityGlobals) = postSolution
		SolutionGuid = {C1E6A689-A5EF-457A-BF46-1951DC60978A}
	EndGlobalSection
EndGlobal
