
Microsoft Visual Studio Solution File, Format Version 12.00
# Visual Studio 15
VisualStudioVersion = 15.0.28307.168
MinimumVisualStudioVersion = 10.0.40219.1
Project("{8BC9CEB8-8B4A-11D0-8D11-00A0C91BC942}") = "Lab6_HashtableListeIntrepatrunse_DictOrdonat", "Lab6_HashtableListeIntrepatrunse_DictOrdonat\Lab6_HashtableListeIntrepatrunse_DictOrdonat.vcxproj", "{46BC4DE5-2571-4C62-99DB-EE81D1E52815}"
EndProject
Global
	GlobalSection(SolutionConfigurationPlatforms) = preSolution
		Debug|x64 = Debug|x64
		Debug|x86 = Debug|x86
		Release|x64 = Release|x64
		Release|x86 = Release|x86
	EndGlobalSection
	GlobalSection(ProjectConfigurationPlatforms) = postSolution
		{46BC4DE5-2571-4C62-99DB-EE81D1E52815}.Debug|x64.ActiveCfg = Debug|x64
		{46BC4DE5-2571-4C62-99DB-EE81D1E52815}.Debug|x64.Build.0 = Debug|x64
		{46BC4DE5-2571-4C62-99DB-EE81D1E52815}.Debug|x86.ActiveCfg = Debug|Win32
		{46BC4DE5-2571-4C62-99DB-EE81D1E52815}.Debug|x86.Build.0 = Debug|Win32
		{46BC4DE5-2571-4C62-99DB-EE81D1E52815}.Release|x64.ActiveCfg = Release|x64
		{46BC4DE5-2571-4C62-99DB-EE81D1E52815}.Release|x64.Build.0 = Release|x64
		{46BC4DE5-2571-4C62-99DB-EE81D1E52815}.Release|x86.ActiveCfg = Release|Win32
		{46BC4DE5-2571-4C62-99DB-EE81D1E52815}.Release|x86.Build.0 = Release|Win32
	EndGlobalSection
	GlobalSection(SolutionProperties) = preSolution
		HideSolutionNode = FALSE
	EndGlobalSection
	GlobalSection(ExtensibilityGlobals) = postSolution
		SolutionGuid = {E5E3B9F1-67B2-4AAD-BE26-2E8F48091AF0}
	EndGlobalSection
EndGlobal
