
Microsoft Visual Studio Solution File, Format Version 12.00
# Visual Studio 15
VisualStudioVersion = 15.0.28307.168
MinimumVisualStudioVersion = 10.0.40219.1
Project("{8BC9CEB8-8B4A-11D0-8D11-00A0C91BC942}") = "Inchiriere_masini_lab6-7", "Inchiriere_masini_lab6-7\Inchiriere_masini_lab6-7.vcxproj", "{F87F496B-767A-4FC0-9E6D-A8527F104300}"
EndProject
Global
	GlobalSection(SolutionConfigurationPlatforms) = preSolution
		Debug|x64 = Debug|x64
		Debug|x86 = Debug|x86
		Release|x64 = Release|x64
		Release|x86 = Release|x86
	EndGlobalSection
	GlobalSection(ProjectConfigurationPlatforms) = postSolution
		{F87F496B-767A-4FC0-9E6D-A8527F104300}.Debug|x64.ActiveCfg = Debug|x64
		{F87F496B-767A-4FC0-9E6D-A8527F104300}.Debug|x64.Build.0 = Debug|x64
		{F87F496B-767A-4FC0-9E6D-A8527F104300}.Debug|x86.ActiveCfg = Debug|Win32
		{F87F496B-767A-4FC0-9E6D-A8527F104300}.Debug|x86.Build.0 = Debug|Win32
		{F87F496B-767A-4FC0-9E6D-A8527F104300}.Release|x64.ActiveCfg = Release|x64
		{F87F496B-767A-4FC0-9E6D-A8527F104300}.Release|x64.Build.0 = Release|x64
		{F87F496B-767A-4FC0-9E6D-A8527F104300}.Release|x86.ActiveCfg = Release|Win32
		{F87F496B-767A-4FC0-9E6D-A8527F104300}.Release|x86.Build.0 = Release|Win32
	EndGlobalSection
	GlobalSection(SolutionProperties) = preSolution
		HideSolutionNode = FALSE
	EndGlobalSection
	GlobalSection(ExtensibilityGlobals) = postSolution
		SolutionGuid = {79A1FBDD-EE77-4759-83E8-A6423F7568E8}
	EndGlobalSection
EndGlobal
