
Microsoft Visual Studio Solution File, Format Version 12.00
# Visual Studio Version 16
VisualStudioVersion = 16.0.30011.22
MinimumVisualStudioVersion = 10.0.40219.1
Project("{FAE04EC0-301F-11D3-BF4B-00C04F79EFBC}") = "MAP_CSharp", "MAP_CSharp\MAP_CSharp.csproj", "{6AF79656-CDAA-411A-BDCB-F3CF34CD4894}"
EndProject
Global
	GlobalSection(SolutionConfigurationPlatforms) = preSolution
		Debug|Any CPU = Debug|Any CPU
		Release|Any CPU = Release|Any CPU
	EndGlobalSection
	GlobalSection(ProjectConfigurationPlatforms) = postSolution
		{6AF79656-CDAA-411A-BDCB-F3CF34CD4894}.Debug|Any CPU.ActiveCfg = Debug|Any CPU
		{6AF79656-CDAA-411A-BDCB-F3CF34CD4894}.Debug|Any CPU.Build.0 = Debug|Any CPU
		{6AF79656-CDAA-411A-BDCB-F3CF34CD4894}.Release|Any CPU.ActiveCfg = Release|Any CPU
		{6AF79656-CDAA-411A-BDCB-F3CF34CD4894}.Release|Any CPU.Build.0 = Release|Any CPU
	EndGlobalSection
	GlobalSection(SolutionProperties) = preSolution
		HideSolutionNode = FALSE
	EndGlobalSection
	GlobalSection(ExtensibilityGlobals) = postSolution
		SolutionGuid = {B84BB169-9E99-40F8-88C4-7FB5023C69A4}
	EndGlobalSection
EndGlobal
