
Microsoft Visual Studio Solution File, Format Version 12.00
# Visual Studio 15
VisualStudioVersion = 15.0.28307.168
MinimumVisualStudioVersion = 10.0.40219.1
Project("{8BC9CEB8-8B4A-11D0-8D11-00A0C91BC942}") = "Lab1_1", "Lab1\Lab1.vcxproj", "{754636AB-6F3F-4465-94BF-92008172AEC0}"
EndProject
Project("{8BC9CEB8-8B4A-11D0-8D11-00A0C91BC942}") = "Lab1_2", "Lab1_2\Lab1_2.vcxproj", "{966F420D-A763-4026-95D5-27004B231386}"
EndProject
Project("{8BC9CEB8-8B4A-11D0-8D11-00A0C91BC942}") = "Lab1_3", "Lab1_3\Lab1_3.vcxproj", "{7CF2434C-6EB0-4468-B9F6-752FEB301886}"
EndProject
Global
	GlobalSection(SolutionConfigurationPlatforms) = preSolution
		Debug|x64 = Debug|x64
		Debug|x86 = Debug|x86
		Release|x64 = Release|x64
		Release|x86 = Release|x86
	EndGlobalSection
	GlobalSection(ProjectConfigurationPlatforms) = postSolution
		{754636AB-6F3F-4465-94BF-92008172AEC0}.Debug|x64.ActiveCfg = Debug|x64
		{754636AB-6F3F-4465-94BF-92008172AEC0}.Debug|x64.Build.0 = Debug|x64
		{754636AB-6F3F-4465-94BF-92008172AEC0}.Debug|x86.ActiveCfg = Debug|Win32
		{754636AB-6F3F-4465-94BF-92008172AEC0}.Debug|x86.Build.0 = Debug|Win32
		{754636AB-6F3F-4465-94BF-92008172AEC0}.Release|x64.ActiveCfg = Release|x64
		{754636AB-6F3F-4465-94BF-92008172AEC0}.Release|x64.Build.0 = Release|x64
		{754636AB-6F3F-4465-94BF-92008172AEC0}.Release|x86.ActiveCfg = Release|Win32
		{754636AB-6F3F-4465-94BF-92008172AEC0}.Release|x86.Build.0 = Release|Win32
		{966F420D-A763-4026-95D5-27004B231386}.Debug|x64.ActiveCfg = Debug|x64
		{966F420D-A763-4026-95D5-27004B231386}.Debug|x64.Build.0 = Debug|x64
		{966F420D-A763-4026-95D5-27004B231386}.Debug|x86.ActiveCfg = Debug|Win32
		{966F420D-A763-4026-95D5-27004B231386}.Debug|x86.Build.0 = Debug|Win32
		{966F420D-A763-4026-95D5-27004B231386}.Release|x64.ActiveCfg = Release|x64
		{966F420D-A763-4026-95D5-27004B231386}.Release|x64.Build.0 = Release|x64
		{966F420D-A763-4026-95D5-27004B231386}.Release|x86.ActiveCfg = Release|Win32
		{966F420D-A763-4026-95D5-27004B231386}.Release|x86.Build.0 = Release|Win32
		{7CF2434C-6EB0-4468-B9F6-752FEB301886}.Debug|x64.ActiveCfg = Debug|x64
		{7CF2434C-6EB0-4468-B9F6-752FEB301886}.Debug|x64.Build.0 = Debug|x64
		{7CF2434C-6EB0-4468-B9F6-752FEB301886}.Debug|x86.ActiveCfg = Debug|Win32
		{7CF2434C-6EB0-4468-B9F6-752FEB301886}.Debug|x86.Build.0 = Debug|Win32
		{7CF2434C-6EB0-4468-B9F6-752FEB301886}.Release|x64.ActiveCfg = Release|x64
		{7CF2434C-6EB0-4468-B9F6-752FEB301886}.Release|x64.Build.0 = Release|x64
		{7CF2434C-6EB0-4468-B9F6-752FEB301886}.Release|x86.ActiveCfg = Release|Win32
		{7CF2434C-6EB0-4468-B9F6-752FEB301886}.Release|x86.Build.0 = Release|Win32
	EndGlobalSection
	GlobalSection(SolutionProperties) = preSolution
		HideSolutionNode = FALSE
	EndGlobalSection
	GlobalSection(ExtensibilityGlobals) = postSolution
		SolutionGuid = {B00F4B15-C92A-42FD-A9F3-8B138CBEFB50}
	EndGlobalSection
EndGlobal
