
Microsoft Visual Studio Solution File, Format Version 12.00
# Visual Studio 15
VisualStudioVersion = 15.0.28307.168
MinimumVisualStudioVersion = 10.0.40219.1
Project("{8BC9CEB8-8B4A-11D0-8D11-00A0C91BC942}") = "Problema 6 - Heap special", "Problema 6 - Heap special\Problema 6 - Heap special.vcxproj", "{519F17B8-A953-49D9-8D09-DFC50AF7DE4C}"
EndProject
Global
	GlobalSection(SolutionConfigurationPlatforms) = preSolution
		Debug|x64 = Debug|x64
		Debug|x86 = Debug|x86
		Release|x64 = Release|x64
		Release|x86 = Release|x86
	EndGlobalSection
	GlobalSection(ProjectConfigurationPlatforms) = postSolution
		{519F17B8-A953-49D9-8D09-DFC50AF7DE4C}.Debug|x64.ActiveCfg = Debug|x64
		{519F17B8-A953-49D9-8D09-DFC50AF7DE4C}.Debug|x64.Build.0 = Debug|x64
		{519F17B8-A953-49D9-8D09-DFC50AF7DE4C}.Debug|x86.ActiveCfg = Debug|Win32
		{519F17B8-A953-49D9-8D09-DFC50AF7DE4C}.Debug|x86.Build.0 = Debug|Win32
		{519F17B8-A953-49D9-8D09-DFC50AF7DE4C}.Release|x64.ActiveCfg = Release|x64
		{519F17B8-A953-49D9-8D09-DFC50AF7DE4C}.Release|x64.Build.0 = Release|x64
		{519F17B8-A953-49D9-8D09-DFC50AF7DE4C}.Release|x86.ActiveCfg = Release|Win32
		{519F17B8-A953-49D9-8D09-DFC50AF7DE4C}.Release|x86.Build.0 = Release|Win32
	EndGlobalSection
	GlobalSection(SolutionProperties) = preSolution
		HideSolutionNode = FALSE
	EndGlobalSection
	GlobalSection(ExtensibilityGlobals) = postSolution
		SolutionGuid = {47B7FB10-C467-4C01-81CF-0C5D232EC63B}
	EndGlobalSection
EndGlobal
